// !$*UTF8*$!
{
	archiveVersion = 1;
	classes = {
	};
	objectVersion = 55;
	objects = {

/* Begin PBXBuildFile section */
		1063277C2720727300546E45 /* User.swift in Sources */ = {isa = PBXBuildFile; fileRef = 1063277B2720727300546E45 /* User.swift */; };
		1063277F2720746000546E45 /* Realm in Frameworks */ = {isa = PBXBuildFile; productRef = 1063277E2720746000546E45 /* Realm */; };
		106327812720746000546E45 /* RealmSwift in Frameworks */ = {isa = PBXBuildFile; productRef = 106327802720746000546E45 /* RealmSwift */; };
		106327842720760B00546E45 /* Alamofire in Frameworks */ = {isa = PBXBuildFile; productRef = 106327832720760B00546E45 /* Alamofire */; };
		1063278727207B4300546E45 /* Date.swift in Sources */ = {isa = PBXBuildFile; fileRef = 1063278627207B4300546E45 /* Date.swift */; };
		1063278A27207C2D00546E45 /* LocalDataManager.swift in Sources */ = {isa = PBXBuildFile; fileRef = 1063278927207C2D00546E45 /* LocalDataManager.swift */; };
		1063278C2720940400546E45 /* NewUserViewController.swift in Sources */ = {isa = PBXBuildFile; fileRef = 1063278B2720940400546E45 /* NewUserViewController.swift */; };
		108D40CB27172FAF00E268E3 /* AppDelegate.swift in Sources */ = {isa = PBXBuildFile; fileRef = 108D40CA27172FAF00E268E3 /* AppDelegate.swift */; };
		108D40CD27172FAF00E268E3 /* SceneDelegate.swift in Sources */ = {isa = PBXBuildFile; fileRef = 108D40CC27172FAF00E268E3 /* SceneDelegate.swift */; };
		108D40CF27172FAF00E268E3 /* ViewController.swift in Sources */ = {isa = PBXBuildFile; fileRef = 108D40CE27172FAF00E268E3 /* ViewController.swift */; };
		108D40D227172FAF00E268E3 /* Main.storyboard in Resources */ = {isa = PBXBuildFile; fileRef = 108D40D027172FAF00E268E3 /* Main.storyboard */; };
		108D40D427172FB100E268E3 /* Assets.xcassets in Resources */ = {isa = PBXBuildFile; fileRef = 108D40D327172FB100E268E3 /* Assets.xcassets */; };
		108D40D727172FB100E268E3 /* LaunchScreen.storyboard in Resources */ = {isa = PBXBuildFile; fileRef = 108D40D527172FB100E268E3 /* LaunchScreen.storyboard */; };
		108D40DF27172FC800E268E3 /* RequestManager.swift in Sources */ = {isa = PBXBuildFile; fileRef = 108D40DE27172FC800E268E3 /* RequestManager.swift */; };
		108D40E127174BE700E268E3 /* UserDefaultsData.swift in Sources */ = {isa = PBXBuildFile; fileRef = 108D40E027174BE700E268E3 /* UserDefaultsData.swift */; };
		108D40E327174E1600E268E3 /* UsersTableViewController.swift in Sources */ = {isa = PBXBuildFile; fileRef = 108D40E227174E1500E268E3 /* UsersTableViewController.swift */; };
		108D40E72717503800E268E3 /* Notification.swift in Sources */ = {isa = PBXBuildFile; fileRef = 108D40E62717503800E268E3 /* Notification.swift */; };
/* End PBXBuildFile section */

/* Begin PBXFileReference section */
		1063277B2720727300546E45 /* User.swift */ = {isa = PBXFileReference; lastKnownFileType = sourcecode.swift; path = User.swift; sourceTree = "<group>"; };
		1063278627207B4300546E45 /* Date.swift */ = {isa = PBXFileReference; lastKnownFileType = sourcecode.swift; path = Date.swift; sourceTree = "<group>"; };
		1063278927207C2D00546E45 /* LocalDataManager.swift */ = {isa = PBXFileReference; lastKnownFileType = sourcecode.swift; path = LocalDataManager.swift; sourceTree = "<group>"; };
		1063278B2720940400546E45 /* NewUserViewController.swift */ = {isa = PBXFileReference; lastKnownFileType = sourcecode.swift; path = NewUserViewController.swift; sourceTree = "<group>"; };
		108D40C727172FAF00E268E3 /* SoftUni-L8.app */ = {isa = PBXFileReference; explicitFileType = wrapper.application; includeInIndex = 0; path = "SoftUni-L8.app"; sourceTree = BUILT_PRODUCTS_DIR; };
		108D40CA27172FAF00E268E3 /* AppDelegate.swift */ = {isa = PBXFileReference; lastKnownFileType = sourcecode.swift; path = AppDelegate.swift; sourceTree = "<group>"; };
		108D40CC27172FAF00E268E3 /* SceneDelegate.swift */ = {isa = PBXFileReference; lastKnownFileType = sourcecode.swift; path = SceneDelegate.swift; sourceTree = "<group>"; };
		108D40CE27172FAF00E268E3 /* ViewController.swift */ = {isa = PBXFileReference; lastKnownFileType = sourcecode.swift; path = ViewController.swift; sourceTree = "<group>"; };
		108D40D127172FAF00E268E3 /* Base */ = {isa = PBXFileReference; lastKnownFileType = file.storyboard; name = Base; path = Base.lproj/Main.storyboard; sourceTree = "<group>"; };
		108D40D327172FB100E268E3 /* Assets.xcassets */ = {isa = PBXFileReference; lastKnownFileType = folder.assetcatalog; path = Assets.xcassets; sourceTree = "<group>"; };
		108D40D627172FB100E268E3 /* Base */ = {isa = PBXFileReference; lastKnownFileType = file.storyboard; name = Base; path = Base.lproj/LaunchScreen.storyboard; sourceTree = "<group>"; };
		108D40D827172FB100E268E3 /* Info.plist */ = {isa = PBXFileReference; lastKnownFileType = text.plist.xml; path = Info.plist; sourceTree = "<group>"; };
		108D40DE27172FC800E268E3 /* RequestManager.swift */ = {isa = PBXFileReference; lastKnownFileType = sourcecode.swift; path = RequestManager.swift; sourceTree = "<group>"; };
		108D40E027174BE700E268E3 /* UserDefaultsData.swift */ = {isa = PBXFileReference; lastKnownFileType = sourcecode.swift; path = UserDefaultsData.swift; sourceTree = "<group>"; };
		108D40E227174E1500E268E3 /* UsersTableViewController.swift */ = {isa = PBXFileReference; lastKnownFileType = sourcecode.swift; path = UsersTableViewController.swift; sourceTree = "<group>"; };
		108D40E62717503800E268E3 /* Notification.swift */ = {isa = PBXFileReference; lastKnownFileType = sourcecode.swift; path = Notification.swift; sourceTree = "<group>"; };
/* End PBXFileReference section */

/* Begin PBXFrameworksBuildPhase section */
		108D40C427172FAF00E268E3 /* Frameworks */ = {
			isa = PBXFrameworksBuildPhase;
			buildActionMask = 2147483647;
			files = (
				106327842720760B00546E45 /* Alamofire in Frameworks */,
				106327812720746000546E45 /* RealmSwift in Frameworks */,
				1063277F2720746000546E45 /* Realm in Frameworks */,
			);
			runOnlyForDeploymentPostprocessing = 0;
		};
/* End PBXFrameworksBuildPhase section */

/* Begin PBXGroup section */
		1063277A2720725A00546E45 /* Model */ = {
			isa = PBXGroup;
			children = (
				1063277B2720727300546E45 /* User.swift */,
			);
			path = Model;
			sourceTree = "<group>";
		};
		1063278527207B2D00546E45 /* Extensions */ = {
			isa = PBXGroup;
			children = (
				108D40E62717503800E268E3 /* Notification.swift */,
				1063278627207B4300546E45 /* Date.swift */,
			);
			path = Extensions;
			sourceTree = "<group>";
		};
		1063278827207C1A00546E45 /* Managers */ = {
			isa = PBXGroup;
			children = (
				1063278927207C2D00546E45 /* LocalDataManager.swift */,
				108D40DE27172FC800E268E3 /* RequestManager.swift */,
				108D40E027174BE700E268E3 /* UserDefaultsData.swift */,
			);
			path = Managers;
			sourceTree = "<group>";
		};
		1063278D272095D600546E45 /* ViewControllers */ = {
			isa = PBXGroup;
			children = (
				108D40CE27172FAF00E268E3 /* ViewController.swift */,
				108D40E227174E1500E268E3 /* UsersTableViewController.swift */,
				1063278B2720940400546E45 /* NewUserViewController.swift */,
			);
			path = ViewControllers;
			sourceTree = "<group>";
		};
		108D40BE27172FAF00E268E3 = {
			isa = PBXGroup;
			children = (
				108D40C927172FAF00E268E3 /* SoftUni-L8 */,
				108D40C827172FAF00E268E3 /* Products */,
			);
			sourceTree = "<group>";
		};
		108D40C827172FAF00E268E3 /* Products */ = {
			isa = PBXGroup;
			children = (
				108D40C727172FAF00E268E3 /* SoftUni-L8.app */,
			);
			name = Products;
			sourceTree = "<group>";
		};
		108D40C927172FAF00E268E3 /* SoftUni-L8 */ = {
			isa = PBXGroup;
			children = (
				108D40CA27172FAF00E268E3 /* AppDelegate.swift */,
				108D40CC27172FAF00E268E3 /* SceneDelegate.swift */,
				1063278D272095D600546E45 /* ViewControllers */,
				1063278827207C1A00546E45 /* Managers */,
				1063278527207B2D00546E45 /* Extensions */,
				1063277A2720725A00546E45 /* Model */,
				108D40D027172FAF00E268E3 /* Main.storyboard */,
				108D40D327172FB100E268E3 /* Assets.xcassets */,
				108D40D527172FB100E268E3 /* LaunchScreen.storyboard */,
				108D40D827172FB100E268E3 /* Info.plist */,
			);
			path = "SoftUni-L8";
			sourceTree = "<group>";
		};
/* End PBXGroup section */

/* Begin PBXNativeTarget section */
		108D40C627172FAF00E268E3 /* SoftUni-L8 */ = {
			isa = PBXNativeTarget;
			buildConfigurationList = 108D40DB27172FB100E268E3 /* Build configuration list for PBXNativeTarget "SoftUni-L8" */;
			buildPhases = (
				108D40C327172FAF00E268E3 /* Sources */,
				108D40C427172FAF00E268E3 /* Frameworks */,
				108D40C527172FAF00E268E3 /* Resources */,
			);
			buildRules = (
			);
			dependencies = (
			);
			name = "SoftUni-L8";
			packageProductDependencies = (
				1063277E2720746000546E45 /* Realm */,
				106327802720746000546E45 /* RealmSwift */,
				106327832720760B00546E45 /* Alamofire */,
			);
			productName = "SoftUni-L8";
			productReference = 108D40C727172FAF00E268E3 /* SoftUni-L8.app */;
			productType = "com.apple.product-type.application";
		};
/* End PBXNativeTarget section */

/* Begin PBXProject section */
		108D40BF27172FAF00E268E3 /* Project object */ = {
			isa = PBXProject;
			attributes = {
				BuildIndependentTargetsInParallel = 1;
				LastSwiftUpdateCheck = 1300;
				LastUpgradeCheck = 1300;
				TargetAttributes = {
					108D40C627172FAF00E268E3 = {
						CreatedOnToolsVersion = 13.0;
					};
				};
			};
			buildConfigurationList = 108D40C227172FAF00E268E3 /* Build configuration list for PBXProject "SoftUni-L8" */;
			compatibilityVersion = "Xcode 13.0";
			developmentRegion = en;
			hasScannedForEncodings = 0;
			knownRegions = (
				en,
				Base,
			);
			mainGroup = 108D40BE27172FAF00E268E3;
			packageReferences = (
				1063277D2720746000546E45 /* XCRemoteSwiftPackageReference "realm-cocoa" */,
				106327822720760A00546E45 /* XCRemoteSwiftPackageReference "alamofire" */,
			);
			productRefGroup = 108D40C827172FAF00E268E3 /* Products */;
			projectDirPath = "";
			projectRoot = "";
			targets = (
				108D40C627172FAF00E268E3 /* SoftUni-L8 */,
			);
		};
/* End PBXProject section */

/* Begin PBXResourcesBuildPhase section */
		108D40C527172FAF00E268E3 /* Resources */ = {
			isa = PBXResourcesBuildPhase;
			buildActionMask = 2147483647;
			files = (
				108D40D727172FB100E268E3 /* LaunchScreen.storyboard in Resources */,
				108D40D427172FB100E268E3 /* Assets.xcassets in Resources */,
				108D40D227172FAF00E268E3 /* Main.storyboard in Resources */,
			);
			runOnlyForDeploymentPostprocessing = 0;
		};
/* End PBXResourcesBuildPhase section */

/* Begin PBXSourcesBuildPhase section */
		108D40C327172FAF00E268E3 /* Sources */ = {
			isa = PBXSourcesBuildPhase;
			buildActionMask = 2147483647;
			files = (
				108D40E127174BE700E268E3 /* UserDefaultsData.swift in Sources */,
				1063278727207B4300546E45 /* Date.swift in Sources */,
				108D40CF27172FAF00E268E3 /* ViewController.swift in Sources */,
				108D40E327174E1600E268E3 /* UsersTableViewController.swift in Sources */,
				1063278A27207C2D00546E45 /* LocalDataManager.swift in Sources */,
				108D40CB27172FAF00E268E3 /* AppDelegate.swift in Sources */,
				108D40E72717503800E268E3 /* Notification.swift in Sources */,
				1063277C2720727300546E45 /* User.swift in Sources */,
				108D40CD27172FAF00E268E3 /* SceneDelegate.swift in Sources */,
				108D40DF27172FC800E268E3 /* RequestManager.swift in Sources */,
				1063278C2720940400546E45 /* NewUserViewController.swift in Sources */,
			);
			runOnlyForDeploymentPostprocessing = 0;
		};
/* End PBXSourcesBuildPhase section */

/* Begin PBXVariantGroup section */
		108D40D027172FAF00E268E3 /* Main.storyboard */ = {
			isa = PBXVariantGroup;
			children = (
				108D40D127172FAF00E268E3 /* Base */,
			);
			name = Main.storyboard;
			sourceTree = "<group>";
		};
		108D40D527172FB100E268E3 /* LaunchScreen.storyboard */ = {
			isa = PBXVariantGroup;
			children = (
				108D40D627172FB100E268E3 /* Base */,
			);
			name = LaunchScreen.storyboard;
			sourceTree = "<group>";
		};
/* End PBXVariantGroup section */

/* Begin XCBuildConfiguration section */
		108D40D927172FB100E268E3 /* Debug */ = {
			isa = XCBuildConfiguration;
			buildSettings = {
				ALWAYS_SEARCH_USER_PATHS = NO;
				CLANG_ANALYZER_NONNULL = YES;
				CLANG_ANALYZER_NUMBER_OBJECT_CONVERSION = YES_AGGRESSIVE;
				CLANG_CXX_LANGUAGE_STANDARD = "gnu++17";
				CLANG_CXX_LIBRARY = "libc++";
				CLANG_ENABLE_MODULES = YES;
				CLANG_ENABLE_OBJC_ARC = YES;
				CLANG_ENABLE_OBJC_WEAK = YES;
				CLANG_WARN_BLOCK_CAPTURE_AUTORELEASING = YES;
				CLANG_WARN_BOOL_CONVERSION = YES;
				CLANG_WARN_COMMA = YES;
				CLANG_WARN_CONSTANT_CONVERSION = YES;
				CLANG_WARN_DEPRECATED_OBJC_IMPLEMENTATIONS = YES;
				CLANG_WARN_DIRECT_OBJC_ISA_USAGE = YES_ERROR;
				CLANG_WARN_DOCUMENTATION_COMMENTS = YES;
				CLANG_WARN_EMPTY_BODY = YES;
				CLANG_WARN_ENUM_CONVERSION = YES;
				CLANG_WARN_INFINITE_RECURSION = YES;
				CLANG_WARN_INT_CONVERSION = YES;
				CLANG_WARN_NON_LITERAL_NULL_CONVERSION = YES;
				CLANG_WARN_OBJC_IMPLICIT_RETAIN_SELF = YES;
				CLANG_WARN_OBJC_LITERAL_CONVERSION = YES;
				CLANG_WARN_OBJC_ROOT_CLASS = YES_ERROR;
				CLANG_WARN_QUOTED_INCLUDE_IN_FRAMEWORK_HEADER = YES;
				CLANG_WARN_RANGE_LOOP_ANALYSIS = YES;
				CLANG_WARN_STRICT_PROTOTYPES = YES;
				CLANG_WARN_SUSPICIOUS_MOVE = YES;
				CLANG_WARN_UNGUARDED_AVAILABILITY = YES_AGGRESSIVE;
				CLANG_WARN_UNREACHABLE_CODE = YES;
				CLANG_WARN__DUPLICATE_METHOD_MATCH = YES;
				COPY_PHASE_STRIP = NO;
				DEBUG_INFORMATION_FORMAT = dwarf;
				ENABLE_STRICT_OBJC_MSGSEND = YES;
				ENABLE_TESTABILITY = YES;
				GCC_C_LANGUAGE_STANDARD = gnu11;
				GCC_DYNAMIC_NO_PIC = NO;
				GCC_NO_COMMON_BLOCKS = YES;
				GCC_OPTIMIZATION_LEVEL = 0;
				GCC_PREPROCESSOR_DEFINITIONS = (
					"DEBUG=1",
					"$(inherited)",
				);
				GCC_WARN_64_TO_32_BIT_CONVERSION = YES;
				GCC_WARN_ABOUT_RETURN_TYPE = YES_ERROR;
				GCC_WARN_UNDECLARED_SELECTOR = YES;
				GCC_WARN_UNINITIALIZED_AUTOS = YES_AGGRESSIVE;
				GCC_WARN_UNUSED_FUNCTION = YES;
				GCC_WARN_UNUSED_VARIABLE = YES;
				IPHONEOS_DEPLOYMENT_TARGET = 15.0;
				MTL_ENABLE_DEBUG_INFO = INCLUDE_SOURCE;
				MTL_FAST_MATH = YES;
				ONLY_ACTIVE_ARCH = YES;
				SDKROOT = iphoneos;
				SWIFT_ACTIVE_COMPILATION_CONDITIONS = DEBUG;
				SWIFT_OPTIMIZATION_LEVEL = "-Onone";
			};
			name = Debug;
		};
		108D40DA27172FB100E268E3 /* Release */ = {
			isa = XCBuildConfiguration;
			buildSettings = {
				ALWAYS_SEARCH_USER_PATHS = NO;
				CLANG_ANALYZER_NONNULL = YES;
				CLANG_ANALYZER_NUMBER_OBJECT_CONVERSION = YES_AGGRESSIVE;
				CLANG_CXX_LANGUAGE_STANDARD = "gnu++17";
				CLANG_CXX_LIBRARY = "libc++";
				CLANG_ENABLE_MODULES = YES;
				CLANG_ENABLE_OBJC_ARC = YES;
				CLANG_ENABLE_OBJC_WEAK = YES;
				CLANG_WARN_BLOCK_CAPTURE_AUTORELEASING = YES;
				CLANG_WARN_BOOL_CONVERSION = YES;
				CLANG_WARN_COMMA = YES;
				CLANG_WARN_CONSTANT_CONVERSION = YES;
				CLANG_WARN_DEPRECATED_OBJC_IMPLEMENTATIONS = YES;
				CLANG_WARN_DIRECT_OBJC_ISA_USAGE = YES_ERROR;
				CLANG_WARN_DOCUMENTATION_COMMENTS = YES;
				CLANG_WARN_EMPTY_BODY = YES;
				CLANG_WARN_ENUM_CONVERSION = YES;
				CLANG_WARN_INFINITE_RECURSION = YES;
				CLANG_WARN_INT_CONVERSION = YES;
				CLANG_WARN_NON_LITERAL_NULL_CONVERSION = YES;
				CLANG_WARN_OBJC_IMPLICIT_RETAIN_SELF = YES;
				CLANG_WARN_OBJC_LITERAL_CONVERSION = YES;
				CLANG_WARN_OBJC_ROOT_CLASS = YES_ERROR;
				CLANG_WARN_QUOTED_INCLUDE_IN_FRAMEWORK_HEADER = YES;
				CLANG_WARN_RANGE_LOOP_ANALYSIS = YES;
				CLANG_WARN_STRICT_PROTOTYPES = YES;
				CLANG_WARN_SUSPICIOUS_MOVE = YES;
				CLANG_WARN_UNGUARDED_AVAILABILITY = YES_AGGRESSIVE;
				CLANG_WARN_UNREACHABLE_CODE = YES;
				CLANG_WARN__DUPLICATE_METHOD_MATCH = YES;
				COPY_PHASE_STRIP = NO;
				DEBUG_INFORMATION_FORMAT = "dwarf-with-dsym";
				ENABLE_NS_ASSERTIONS = NO;
				ENABLE_STRICT_OBJC_MSGSEND = YES;
				GCC_C_LANGUAGE_STANDARD = gnu11;
				GCC_NO_COMMON_BLOCKS = YES;
				GCC_WARN_64_TO_32_BIT_CONVERSION = YES;
				GCC_WARN_ABOUT_RETURN_TYPE = YES_ERROR;
				GCC_WARN_UNDECLARED_SELECTOR = YES;
				GCC_WARN_UNINITIALIZED_AUTOS = YES_AGGRESSIVE;
				GCC_WARN_UNUSED_FUNCTION = YES;
				GCC_WARN_UNUSED_VARIABLE = YES;
				IPHONEOS_DEPLOYMENT_TARGET = 15.0;
				MTL_ENABLE_DEBUG_INFO = NO;
				MTL_FAST_MATH = YES;
				SDKROOT = iphoneos;
				SWIFT_COMPILATION_MODE = wholemodule;
				SWIFT_OPTIMIZATION_LEVEL = "-O";
				VALIDATE_PRODUCT = YES;
			};
			name = Release;
		};
		108D40DC27172FB100E268E3 /* Debug */ = {
			isa = XCBuildConfiguration;
			buildSettings = {
				ASSETCATALOG_COMPILER_APPICON_NAME = AppIcon;
				ASSETCATALOG_COMPILER_GLOBAL_ACCENT_COLOR_NAME = AccentColor;
				CODE_SIGN_STYLE = Automatic;
				CURRENT_PROJECT_VERSION = 1;
				GENERATE_INFOPLIST_FILE = YES;
				INFOPLIST_FILE = "SoftUni-L8/Info.plist";
				INFOPLIST_KEY_UIApplicationSupportsIndirectInputEvents = YES;
				INFOPLIST_KEY_UILaunchStoryboardName = LaunchScreen;
				INFOPLIST_KEY_UIMainStoryboardFile = Main;
				INFOPLIST_KEY_UISupportedInterfaceOrientations_iPad = "UIInterfaceOrientationPortrait UIInterfaceOrientationPortraitUpsideDown UIInterfaceOrientationLandscapeLeft UIInterfaceOrientationLandscapeRight";
				INFOPLIST_KEY_UISupportedInterfaceOrientations_iPhone = "UIInterfaceOrientationPortrait UIInterfaceOrientationLandscapeLeft UIInterfaceOrientationLandscapeRight";
				LD_RUNPATH_SEARCH_PATHS = (
					"$(inherited)",
					"@executable_path/Frameworks",
				);
				MARKETING_VERSION = 1.0;
				PRODUCT_BUNDLE_IDENTIFIER = "net.GoStartups.SoftUni-L8";
				PRODUCT_NAME = "$(TARGET_NAME)";
				SWIFT_EMIT_LOC_STRINGS = YES;
				SWIFT_VERSION = 5.0;
				TARGETED_DEVICE_FAMILY = "1,2";
			};
			name = Debug;
		};
		108D40DD27172FB100E268E3 /* Release */ = {
			isa = XCBuildConfiguration;
			buildSettings = {
				ASSETCATALOG_COMPILER_APPICON_NAME = AppIcon;
				ASSETCATALOG_COMPILER_GLOBAL_ACCENT_COLOR_NAME = AccentColor;
				CODE_SIGN_STYLE = Automatic;
				CURRENT_PROJECT_VERSION = 1;
				GENERATE_INFOPLIST_FILE = YES;
				INFOPLIST_FILE = "SoftUni-L8/Info.plist";
				INFOPLIST_KEY_UIApplicationSupportsIndirectInputEvents = YES;
				INFOPLIST_KEY_UILaunchStoryboardName = LaunchScreen;
				INFOPLIST_KEY_UIMainStoryboardFile = Main;
				INFOPLIST_KEY_UISupportedInterfaceOrientations_iPad = "UIInterfaceOrientationPortrait UIInterfaceOrientationPortraitUpsideDown UIInterfaceOrientationLandscapeLeft UIInterfaceOrientationLandscapeRight";
				INFOPLIST_KEY_UISupportedInterfaceOrientations_iPhone = "UIInterfaceOrientationPortrait UIInterfaceOrientationLandscapeLeft UIInterfaceOrientationLandscapeRight";
				LD_RUNPATH_SEARCH_PATHS = (
					"$(inherited)",
					"@executable_path/Frameworks",
				);
				MARKETING_VERSION = 1.0;
				PRODUCT_BUNDLE_IDENTIFIER = "net.GoStartups.SoftUni-L8";
				PRODUCT_NAME = "$(TARGET_NAME)";
				SWIFT_EMIT_LOC_STRINGS = YES;
				SWIFT_VERSION = 5.0;
				TARGETED_DEVICE_FAMILY = "1,2";
			};
			name = Release;
		};
/* End XCBuildConfiguration section */

/* Begin XCConfigurationList section */
		108D40C227172FAF00E268E3 /* Build configuration list for PBXProject "SoftUni-L8" */ = {
			isa = XCConfigurationList;
			buildConfigurations = (
				108D40D927172FB100E268E3 /* Debug */,
				108D40DA27172FB100E268E3 /* Release */,
			);
			defaultConfigurationIsVisible = 0;
			defaultConfigurationName = Release;
		};
		108D40DB27172FB100E268E3 /* Build configuration list for PBXNativeTarget "SoftUni-L8" */ = {
			isa = XCConfigurationList;
			buildConfigurations = (
				108D40DC27172FB100E268E3 /* Debug */,
				108D40DD27172FB100E268E3 /* Release */,
			);
			defaultConfigurationIsVisible = 0;
			defaultConfigurationName = Release;
		};
/* End XCConfigurationList section */

/* Begin XCRemoteSwiftPackageReference section */
		1063277D2720746000546E45 /* XCRemoteSwiftPackageReference "realm-cocoa" */ = {
			isa = XCRemoteSwiftPackageReference;
			repositoryURL = "https://github.com/realm/realm-cocoa";
			requirement = {
				kind = upToNextMajorVersion;
				minimumVersion = 10.7.1;
			};
		};
		106327822720760A00546E45 /* XCRemoteSwiftPackageReference "alamofire" */ = {
			isa = XCRemoteSwiftPackageReference;
			repositoryURL = "https://github.com/alamofire/alamofire";
			requirement = {
				kind = upToNextMajorVersion;
				minimumVersion = 5.0.0;
			};
		};
/* End XCRemoteSwiftPackageReference section */

/* Begin XCSwiftPackageProductDependency section */
		1063277E2720746000546E45 /* Realm */ = {
			isa = XCSwiftPackageProductDependency;
			package = 1063277D2720746000546E45 /* XCRemoteSwiftPackageReference "realm-cocoa" */;
			productName = Realm;
		};
		106327802720746000546E45 /* RealmSwift */ = {
			isa = XCSwiftPackageProductDependency;
			package = 1063277D2720746000546E45 /* XCRemoteSwiftPackageReference "realm-cocoa" */;
			productName = RealmSwift;
		};
		106327832720760B00546E45 /* Alamofire */ = {
			isa = XCSwiftPackageProductDependency;
			package = 106327822720760A00546E45 /* XCRemoteSwiftPackageReference "alamofire" */;
			productName = Alamofire;
		};
/* End XCSwiftPackageProductDependency section */
	};
	rootObject = 108D40BF27172FAF00E268E3 /* Project object */;
}
